
Microsoft Visual Studio Solution File, Format Version 12.00
# Visual Studio Version 17
VisualStudioVersion = 17.6.33829.357
MinimumVisualStudioVersion = 10.0.40219.1
Project("{FAE04EC0-301F-11D3-BF4B-00C04F79EFBC}") = "TestApp", "TestApp.csproj", "{48214E9C-99E0-4D03-9D13-4FBCC6D50221}"
EndProject
Global
	GlobalSection(SolutionConfigurationPlatforms) = preSolution
		Debug|Any CPU = Debug|Any CPU
		Release|Any CPU = Release|Any CPU
	EndGlobalSection
	GlobalSection(ProjectConfigurationPlatforms) = postSolution
		{48214E9C-99E0-4D03-9D13-4FBCC6D50221}.Debug|Any CPU.ActiveCfg = Debug|Any CPU
		{48214E9C-99E0-4D03-9D13-4FBCC6D50221}.Debug|Any CPU.Build.0 = Debug|Any CPU
		{48214E9C-99E0-4D03-9D13-4FBCC6D50221}.Release|Any CPU.ActiveCfg = Release|Any CPU
		{48214E9C-99E0-4D03-9D13-4FBCC6D50221}.Release|Any CPU.Build.0 = Release|Any CPU
	EndGlobalSection
	GlobalSection(SolutionProperties) = preSolution
		HideSolutionNode = FALSE
	EndGlobalSection
	GlobalSection(ExtensibilityGlobals) = postSolution
		SolutionGuid = {CF74D4C1-D65C-44E2-A6B6-36347B5A7F55}
	EndGlobalSection
EndGlobal
